
Microsoft Visual Studio Solution File, Format Version 12.00
# Visual Studio Version 16
VisualStudioVersion = 16.0.30413.136
MinimumVisualStudioVersion = 10.0.40219.1
Project("{F184B08F-C81C-45F6-A57F-5ABD9991F28F}") = "Electric Savings", "Electric Savings\Electric Savings.vbproj", "{C630AD75-6C9B-4230-837D-B2C1A3B04030}"
EndProject
Global
	GlobalSection(SolutionConfigurationPlatforms) = preSolution
		Debug|Any CPU = Debug|Any CPU
		Release|Any CPU = Release|Any CPU
	EndGlobalSection
	GlobalSection(ProjectConfigurationPlatforms) = postSolution
		{C630AD75-6C9B-4230-837D-B2C1A3B04030}.Debug|Any CPU.ActiveCfg = Debug|Any CPU
		{C630AD75-6C9B-4230-837D-B2C1A3B04030}.Debug|Any CPU.Build.0 = Debug|Any CPU
		{C630AD75-6C9B-4230-837D-B2C1A3B04030}.Release|Any CPU.ActiveCfg = Release|Any CPU
		{C630AD75-6C9B-4230-837D-B2C1A3B04030}.Release|Any CPU.Build.0 = Release|Any CPU
	EndGlobalSection
	GlobalSection(SolutionProperties) = preSolution
		HideSolutionNode = FALSE
	EndGlobalSection
	GlobalSection(ExtensibilityGlobals) = postSolution
		SolutionGuid = {16C6422C-3B21-4A83-BEE6-233D56BCA95C}
	EndGlobalSection
EndGlobal
